
Microsoft Visual Studio Solution File, Format Version 12.00
# Visual Studio Version 17
VisualStudioVersion = 17.3.32901.215
MinimumVisualStudioVersion = 10.0.40219.1
Project("{FAE04EC0-301F-11D3-BF4B-00C04F79EFBC}") = "weatherapi", "weatherapi\weatherapi.csproj", "{74983558-AC51-4B92-8810-A11B67F5D316}"
EndProject
Global
	GlobalSection(SolutionConfigurationPlatforms) = preSolution
		Debug|Any CPU = Debug|Any CPU
		Release|Any CPU = Release|Any CPU
	EndGlobalSection
	GlobalSection(ProjectConfigurationPlatforms) = postSolution
		{74983558-AC51-4B92-8810-A11B67F5D316}.Debug|Any CPU.ActiveCfg = Debug|Any CPU
		{74983558-AC51-4B92-8810-A11B67F5D316}.Debug|Any CPU.Build.0 = Debug|Any CPU
		{74983558-AC51-4B92-8810-A11B67F5D316}.Release|Any CPU.ActiveCfg = Release|Any CPU
		{74983558-AC51-4B92-8810-A11B67F5D316}.Release|Any CPU.Build.0 = Release|Any CPU
	EndGlobalSection
	GlobalSection(SolutionProperties) = preSolution
		HideSolutionNode = FALSE
	EndGlobalSection
	GlobalSection(ExtensibilityGlobals) = postSolution
		SolutionGuid = {9EC801F6-B0CC-4A7B-B897-EBB573A4611F}
	EndGlobalSection
EndGlobal
